lockfileVersion: '6.0'

settings:
  autoInstallPeers: true
  excludeLinksFromLockfile: false

devDependencies:
  vitepress:
    specifier: 1.0.0-alpha.28
    version: 1.0.0-alpha.28(search-insights@2.13.0)
  vue:
    specifier: 3.2.44
    version: 3.2.44

packages:

  /@algolia/autocomplete-core@1.9.3(algoliasearch@4.23.2)(search-insights@2.13.0):
    resolution: {integrity: sha512-009HdfugtGCdC4JdXUbVJClA0q0zh24yyePn+KUGk3rP7j8FEe/m5Yo/z65gn6nP/cM39PxpzqKrL7A6fP6PPw==}
    dependencies:
      '@algolia/autocomplete-plugin-algolia-insights': 1.9.3(algoliasearch@4.23.2)(search-insights@2.13.0)
      '@algolia/autocomplete-shared': 1.9.3(algoliasearch@4.23.2)
    transitivePeerDependencies:
      - '@algolia/client-search'
      - algoliasearch
      - search-insights
    dev: true

  /@algolia/autocomplete-plugin-algolia-insights@1.9.3(algoliasearch@4.23.2)(search-insights@2.13.0):
    resolution: {integrity: sha512-a/yTUkcO/Vyy+JffmAnTWbr4/90cLzw+CC3bRbhnULr/EM0fGNvM13oQQ14f2moLMcVDyAx/leczLlAOovhSZg==}
    peerDependencies:
      search-insights: '>= 1 < 3'
    dependencies:
      '@algolia/autocomplete-shared': 1.9.3(algoliasearch@4.23.2)
      search-insights: 2.13.0
    transitivePeerDependencies:
      - '@algolia/client-search'
      - algoliasearch
    dev: true

  /@algolia/autocomplete-preset-algolia@1.9.3(algoliasearch@4.23.2):
    resolution: {integrity: sha512-d4qlt6YmrLMYy95n5TB52wtNDr6EgAIPH81dvvvW8UmuWRgxEtY0NJiPwl/h95JtG2vmRM804M0DSwMCNZlzRA==}
    peerDependencies:
      '@algolia/client-search': '>= 4.9.1 < 6'
      algoliasearch: '>= 4.9.1 < 6'
    peerDependenciesMeta:
      '@algolia/client-search':
        optional: true
    dependencies:
      '@algolia/autocomplete-shared': 1.9.3(algoliasearch@4.23.2)
      algoliasearch: 4.23.2
    dev: true

  /@algolia/autocomplete-shared@1.9.3(algoliasearch@4.23.2):
    resolution: {integrity: sha512-Wnm9E4Ye6Rl6sTTqjoymD+l8DjSTHsHboVRYrKgEt8Q7UHm9nYbqhN/i0fhUYA3OAEH7WA8x3jfpnmJm3rKvaQ==}
    peerDependencies:
      '@algolia/client-search': '>= 4.9.1 < 6'
      algoliasearch: '>= 4.9.1 < 6'
    peerDependenciesMeta:
      '@algolia/client-search':
        optional: true
    dependencies:
      algoliasearch: 4.23.2
    dev: true

  /@algolia/cache-browser-local-storage@4.23.2:
    resolution: {integrity: sha512-PvRQdCmtiU22dw9ZcTJkrVKgNBVAxKgD0/cfiqyxhA5+PHzA2WDt6jOmZ9QASkeM2BpyzClJb/Wr1yt2/t78Kw==}
    dependencies:
      '@algolia/cache-common': 4.23.2
    dev: true

  /@algolia/cache-common@4.23.2:
    resolution: {integrity: sha512-OUK/6mqr6CQWxzl/QY0/mwhlGvS6fMtvEPyn/7AHUx96NjqDA4X4+Ju7aXFQKh+m3jW9VPB0B9xvEQgyAnRPNw==}
    dev: true

  /@algolia/cache-in-memory@4.23.2:
    resolution: {integrity: sha512-rfbi/SnhEa3MmlqQvgYz/9NNJ156NkU6xFxjbxBtLWnHbpj+qnlMoKd+amoiacHRITpajg6zYbLM9dnaD3Bczw==}
    dependencies:
      '@algolia/cache-common': 4.23.2
    dev: true

  /@algolia/client-account@4.23.2:
    resolution: {integrity: sha512-VbrOCLIN/5I7iIdskSoSw3uOUPF516k4SjDD4Qz3BFwa3of7D9A0lzBMAvQEJJEPHWdVraBJlGgdJq/ttmquJQ==}
    dependencies:
      '@algolia/client-common': 4.23.2
      '@algolia/client-search': 4.23.2
      '@algolia/transporter': 4.23.2
    dev: true

  /@algolia/client-analytics@4.23.2:
    resolution: {integrity: sha512-lLj7irsAztGhMoEx/SwKd1cwLY6Daf1Q5f2AOsZacpppSvuFvuBrmkzT7pap1OD/OePjLKxicJS8wNA0+zKtuw==}
    dependencies:
      '@algolia/client-common': 4.23.2
      '@algolia/client-search': 4.23.2
      '@algolia/requester-common': 4.23.2
      '@algolia/transporter': 4.23.2
    dev: true

  /@algolia/client-common@4.23.2:
    resolution: {integrity: sha512-Q2K1FRJBern8kIfZ0EqPvUr3V29ICxCm/q42zInV+VJRjldAD9oTsMGwqUQ26GFMdFYmqkEfCbY4VGAiQhh22g==}
    dependencies:
      '@algolia/requester-common': 4.23.2
      '@algolia/transporter': 4.23.2
    dev: true

  /@algolia/client-personalization@4.23.2:
    resolution: {integrity: sha512-vwPsgnCGhUcHhhQG5IM27z8q7dWrN9itjdvgA6uKf2e9r7vB+WXt4OocK0CeoYQt3OGEAExryzsB8DWqdMK5wg==}
    dependencies:
      '@algolia/client-common': 4.23.2
      '@algolia/requester-common': 4.23.2
      '@algolia/transporter': 4.23.2
    dev: true

  /@algolia/client-search@4.23.2:
    resolution: {integrity: sha512-CxSB29OVGSE7l/iyoHvamMonzq7Ev8lnk/OkzleODZ1iBcCs3JC/XgTIKzN/4RSTrJ9QybsnlrN/bYCGufo7qw==}
    dependencies:
      '@algolia/client-common': 4.23.2
      '@algolia/requester-common': 4.23.2
      '@algolia/transporter': 4.23.2
    dev: true

  /@algolia/logger-common@4.23.2:
    resolution: {integrity: sha512-jGM49Q7626cXZ7qRAWXn0jDlzvoA1FvN4rKTi1g0hxKsTTSReyYk0i1ADWjChDPl3Q+nSDhJuosM2bBUAay7xw==}
    dev: true

  /@algolia/logger-console@4.23.2:
    resolution: {integrity: sha512-oo+lnxxEmlhTBTFZ3fGz1O8PJ+G+8FiAoMY2Qo3Q4w23xocQev6KqDTA1JQAGPDxAewNA2VBwWOsVXeXFjrI/Q==}
    dependencies:
      '@algolia/logger-common': 4.23.2
    dev: true

  /@algolia/recommend@4.23.2:
    resolution: {integrity: sha512-Q75CjnzRCDzgIlgWfPnkLtrfF4t82JCirhalXkSSwe/c1GH5pWh4xUyDOR3KTMo+YxxX3zTlrL/FjHmUJEWEcg==}
    dependencies:
      '@algolia/cache-browser-local-storage': 4.23.2
      '@algolia/cache-common': 4.23.2
      '@algolia/cache-in-memory': 4.23.2
      '@algolia/client-common': 4.23.2
      '@algolia/client-search': 4.23.2
      '@algolia/logger-common': 4.23.2
      '@algolia/logger-console': 4.23.2
      '@algolia/requester-browser-xhr': 4.23.2
      '@algolia/requester-common': 4.23.2
      '@algolia/requester-node-http': 4.23.2
      '@algolia/transporter': 4.23.2
    dev: true

  /@algolia/requester-browser-xhr@4.23.2:
    resolution: {integrity: sha512-TO9wLlp8+rvW9LnIfyHsu8mNAMYrqNdQ0oLF6eTWFxXfxG3k8F/Bh7nFYGk2rFAYty4Fw4XUtrv/YjeNDtM5og==}
    dependencies:
      '@algolia/requester-common': 4.23.2
    dev: true

  /@algolia/requester-common@4.23.2:
    resolution: {integrity: sha512-3EfpBS0Hri0lGDB5H/BocLt7Vkop0bTTLVUBB844HH6tVycwShmsV6bDR7yXbQvFP1uNpgePRD3cdBCjeHmk6Q==}
    dev: true

  /@algolia/requester-node-http@4.23.2:
    resolution: {integrity: sha512-SVzgkZM/malo+2SB0NWDXpnT7nO5IZwuDTaaH6SjLeOHcya1o56LSWXk+3F3rNLz2GVH+I/rpYKiqmHhSOjerw==}
    dependencies:
      '@algolia/requester-common': 4.23.2
    dev: true

  /@algolia/transporter@4.23.2:
    resolution: {integrity: sha512-GY3aGKBy+8AK4vZh8sfkatDciDVKad5rTY2S10Aefyjh7e7UGBP4zigf42qVXwU8VOPwi7l/L7OACGMOFcjB0Q==}
    dependencies:
      '@algolia/cache-common': 4.23.2
      '@algolia/logger-common': 4.23.2
      '@algolia/requester-common': 4.23.2
    dev: true

  /@babel/helper-string-parser@7.24.1:
    resolution: {integrity: sha512-2ofRCjnnA9y+wk8b9IAREroeUP02KHp431N2mhKniy2yKIDKpbrHv9eXwm8cBeWQYcJmzv5qKCu65P47eCF7CQ==}
    engines: {node: '>=6.9.0'}
    dev: true

  /@babel/helper-validator-identifier@7.22.20:
    resolution: {integrity: sha512-Y4OZ+ytlatR8AI+8KZfKuL5urKp7qey08ha31L8b3BwewJAoJamTzyvxPR/5D+KkdJCGPq/+8TukHBlY10FX9A==}
    engines: {node: '>=6.9.0'}
    dev: true

  /@babel/parser@7.24.4:
    resolution: {integrity: sha512-zTvEBcghmeBma9QIGunWevvBAp4/Qu9Bdq+2k0Ot4fVMD6v3dsC9WOcRSKk7tRRyBM/53yKMJko9xOatGQAwSg==}
    engines: {node: '>=6.0.0'}
    hasBin: true
    dependencies:
      '@babel/types': 7.24.0
    dev: true

  /@babel/types@7.24.0:
    resolution: {integrity: sha512-+j7a5c253RfKh8iABBhywc8NSfP5LURe7Uh4qpsh6jc+aLJguvmIUBdjSdEMQv2bENrCR5MfRdjGo7vzS/ob7w==}
    engines: {node: '>=6.9.0'}
    dependencies:
      '@babel/helper-string-parser': 7.24.1
      '@babel/helper-validator-identifier': 7.22.20
      to-fast-properties: 2.0.0
    dev: true

  /@docsearch/css@3.6.0:
    resolution: {integrity: sha512-+sbxb71sWre+PwDK7X2T8+bhS6clcVMLwBPznX45Qu6opJcgRjAp7gYSDzVFp187J+feSj5dNBN1mJoi6ckkUQ==}
    dev: true

  /@docsearch/js@3.6.0(search-insights@2.13.0):
    resolution: {integrity: sha512-QujhqINEElrkIfKwyyyTfbsfMAYCkylInLYMRqHy7PHc8xTBQCow73tlo/Kc7oIwBrCLf0P3YhjlOeV4v8hevQ==}
    dependencies:
      '@docsearch/react': 3.6.0(search-insights@2.13.0)
      preact: 10.20.1
    transitivePeerDependencies:
      - '@algolia/client-search'
      - '@types/react'
      - react
      - react-dom
      - search-insights
    dev: true

  /@docsearch/react@3.6.0(search-insights@2.13.0):
    resolution: {integrity: sha512-HUFut4ztcVNmqy9gp/wxNbC7pTOHhgVVkHVGCACTuLhUKUhKAF9KYHJtMiLUJxEqiFLQiuri1fWF8zqwM/cu1w==}
    peerDependencies:
      '@types/react': '>= 16.8.0 < 19.0.0'
      react: '>= 16.8.0 < 19.0.0'
      react-dom: '>= 16.8.0 < 19.0.0'
      search-insights: '>= 1 < 3'
    peerDependenciesMeta:
      '@types/react':
        optional: true
      react:
        optional: true
      react-dom:
        optional: true
      search-insights:
        optional: true
    dependencies:
      '@algolia/autocomplete-core': 1.9.3(algoliasearch@4.23.2)(search-insights@2.13.0)
      '@algolia/autocomplete-preset-algolia': 1.9.3(algoliasearch@4.23.2)
      '@docsearch/css': 3.6.0
      algoliasearch: 4.23.2
      search-insights: 2.13.0
    transitivePeerDependencies:
      - '@algolia/client-search'
    dev: true

  /@esbuild/android-arm@0.15.18:
    resolution: {integrity: sha512-5GT+kcs2WVGjVs7+boataCkO5Fg0y4kCjzkB5bAip7H4jfnOS3dA6KPiww9W1OEKTKeAcUVhdZGvgI65OXmUnw==}
    engines: {node: '>=12'}
    cpu: [arm]
    os: [android]
    requiresBuild: true
    dev: true
    optional: true

  /@esbuild/linux-loong64@0.15.18:
    resolution: {integrity: sha512-L4jVKS82XVhw2nvzLg/19ClLWg0y27ulRwuP7lcyL6AbUWB5aPglXY3M21mauDQMDfRLs8cQmeT03r/+X3cZYQ==}
    engines: {node: '>=12'}
    cpu: [loong64]
    os: [linux]
    requiresBuild: true
    dev: true
    optional: true

  /@types/web-bluetooth@0.0.16:
    resolution: {integrity: sha512-oh8q2Zc32S6gd/j50GowEjKLoOVOwHP/bWVjKJInBwQqdOYMdPrf1oVlelTlyfFK3CKxL1uahMDAr+vy8T7yMQ==}
    dev: true

  /@vitejs/plugin-vue@3.2.0(vite@3.2.10)(vue@3.2.44):
    resolution: {integrity: sha512-E0tnaL4fr+qkdCNxJ+Xd0yM31UwMkQje76fsDVBBUCoGOUPexu2VDUYHL8P4CwV+zMvWw6nlRw19OnRKmYAJpw==}
    engines: {node: ^14.18.0 || >=16.0.0}
    peerDependencies:
      vite: ^3.0.0
      vue: ^3.2.25
    dependencies:
      vite: 3.2.10
      vue: 3.2.44
    dev: true

  /@vue/compiler-core@3.2.44:
    resolution: {integrity: sha512-TwzeVSnaklb8wIvMtwtkPkt9wnU+XD70xJ7N9+eIHtjKAG7OoZttm+14ZL6vWOL+2RcMtSZ+cYH+gvkUqsrmSQ==}
    dependencies:
      '@babel/parser': 7.24.4
      '@vue/shared': 3.2.44
      estree-walker: 2.0.2
      source-map: 0.6.1
    dev: true

  /@vue/compiler-dom@3.2.44:
    resolution: {integrity: sha512-wPDR+gOn2Qi7SudPJ+gE62vuO/aKXIiIFALvHpztXmDdbAHGy3CDfmBgOGchTgTlSeDJHe9olEMkgOdmyXTjUg==}
    dependencies:
      '@vue/compiler-core': 3.2.44
      '@vue/shared': 3.2.44
    dev: true

  /@vue/compiler-sfc@3.2.44:
    resolution: {integrity: sha512-8cFZcUWlrtnfM/GlRwYJdlfgbEOy0OZ/osLDU3h/wJu24HuYAc7QIML1USaKqiZzkjOaTd4y8mvYvcWXq3o5dA==}
    dependencies:
      '@babel/parser': 7.24.4
      '@vue/compiler-core': 3.2.44
      '@vue/compiler-dom': 3.2.44
      '@vue/compiler-ssr': 3.2.44
      '@vue/reactivity-transform': 3.2.44
      '@vue/shared': 3.2.44
      estree-walker: 2.0.2
      magic-string: 0.25.9
      postcss: 8.4.38
      source-map: 0.6.1
    dev: true

  /@vue/compiler-ssr@3.2.44:
    resolution: {integrity: sha512-tAkUFLgvxds3l5KPyAH77OIYrEeLngNYQfWA9GocHiy2nlyajjqAH/Jq93Bq29Y20GeJzblmRp9DVYCVkJ5Rsw==}
    dependencies:
      '@vue/compiler-dom': 3.2.44
      '@vue/shared': 3.2.44
    dev: true

  /@vue/devtools-api@6.6.1:
    resolution: {integrity: sha512-LgPscpE3Vs0x96PzSSB4IGVSZXZBZHpfxs+ZA1d+VEPwHdOXowy/Y2CsvCAIFrf+ssVU1pD1jidj505EpUnfbA==}
    dev: true

  /@vue/reactivity-transform@3.2.44:
    resolution: {integrity: sha512-WGbEiXaS2qAOTS9Z3kKk2Nk4bi8OUl73Sih+h0XV9RTUATnaJSEQedveHUDQnHyXiZwyBMKosrxJg8aThHO/rw==}
    dependencies:
      '@babel/parser': 7.24.4
      '@vue/compiler-core': 3.2.44
      '@vue/shared': 3.2.44
      estree-walker: 2.0.2
      magic-string: 0.25.9
    dev: true

  /@vue/reactivity@3.2.44:
    resolution: {integrity: sha512-Fe0s52fTsPl+RSdvoqUZ3HRKlaVsKhIh1mea5EWOedFvZCjnymzlj3YC1wZMxi89qXRFSdEASVA/BWUGypk0Ig==}
    dependencies:
      '@vue/shared': 3.2.44
    dev: true

  /@vue/runtime-core@3.2.44:
    resolution: {integrity: sha512-uwEV1cttL33k2dC+CNGYhKEYqGejT9KmgQ+4n/LmYUfZ1Gorl8F32DlIX+1pANyGHL1tBAisqHDxKyQBp2oBNA==}
    dependencies:
      '@vue/reactivity': 3.2.44
      '@vue/shared': 3.2.44
    dev: true

  /@vue/runtime-dom@3.2.44:
    resolution: {integrity: sha512-LDzNwXpU/nSpxrLk5jS0bfStgt88msgsgFzj6vHrl7es3QktIrCGybQS5CB/p/TO0q98iAiYtEVmi+Lej7Vgjg==}
    dependencies:
      '@vue/runtime-core': 3.2.44
      '@vue/shared': 3.2.44
      csstype: 2.6.21
    dev: true

  /@vue/server-renderer@3.2.44(vue@3.2.44):
    resolution: {integrity: sha512-3+ArN07UgOAdbGKIp3uVqeC3bnR3J324QNjPR6vxHbLrTlkibFv8QNled/ux3fVq0KDCkVVKGOKB2V4sCIYOgg==}
    peerDependencies:
      vue: 3.2.44
    dependencies:
      '@vue/compiler-ssr': 3.2.44
      '@vue/shared': 3.2.44
      vue: 3.2.44
    dev: true

  /@vue/shared@3.2.44:
    resolution: {integrity: sha512-mGZ44bnn0zpZ36nXtxbrBPno43yr96wjQE1dBEKS1Sieugt27HS4OGZVBRIgsdGzosB7vqZAvu0ttu1FDVdolA==}
    dev: true

  /@vueuse/core@9.13.0(vue@3.2.44):
    resolution: {integrity: sha512-pujnclbeHWxxPRqXWmdkKV5OX4Wk4YeK7wusHqRwU0Q7EFusHoqNA/aPhB6KCh9hEqJkLAJo7bb0Lh9b+OIVzw==}
    dependencies:
      '@types/web-bluetooth': 0.0.16
      '@vueuse/metadata': 9.13.0
      '@vueuse/shared': 9.13.0(vue@3.2.44)
      vue-demi: 0.14.7(vue@3.2.44)
    transitivePeerDependencies:
      - '@vue/composition-api'
      - vue
    dev: true

  /@vueuse/metadata@9.13.0:
    resolution: {integrity: sha512-gdU7TKNAUVlXXLbaF+ZCfte8BjRJQWPCa2J55+7/h+yDtzw3vOoGQDRXzI6pyKyo6bXFT5/QoPE4hAknExjRLQ==}
    dev: true

  /@vueuse/shared@9.13.0(vue@3.2.44):
    resolution: {integrity: sha512-UrnhU+Cnufu4S6JLCPZnkWh0WwZGUp72ktOF2DFptMlOs3TOdVv8xJN53zhHGARmVOsz5KqOls09+J1NR6sBKw==}
    dependencies:
      vue-demi: 0.14.7(vue@3.2.44)
    transitivePeerDependencies:
      - '@vue/composition-api'
      - vue
    dev: true

  /algoliasearch@4.23.2:
    resolution: {integrity: sha512-8aCl055IsokLuPU8BzLjwzXjb7ty9TPcUFFOk0pYOwsE5DMVhE3kwCMFtsCFKcnoPZK7oObm+H5mbnSO/9ioxQ==}
    dependencies:
      '@algolia/cache-browser-local-storage': 4.23.2
      '@algolia/cache-common': 4.23.2
      '@algolia/cache-in-memory': 4.23.2
      '@algolia/client-account': 4.23.2
      '@algolia/client-analytics': 4.23.2
      '@algolia/client-common': 4.23.2
      '@algolia/client-personalization': 4.23.2
      '@algolia/client-search': 4.23.2
      '@algolia/logger-common': 4.23.2
      '@algolia/logger-console': 4.23.2
      '@algolia/recommend': 4.23.2
      '@algolia/requester-browser-xhr': 4.23.2
      '@algolia/requester-common': 4.23.2
      '@algolia/requester-node-http': 4.23.2
      '@algolia/transporter': 4.23.2
    dev: true

  /body-scroll-lock@4.0.0-beta.0:
    resolution: {integrity: sha512-a7tP5+0Mw3YlUJcGAKUqIBkYYGlYxk2fnCasq/FUph1hadxlTRjF+gAcZksxANnaMnALjxEddmSi/H3OR8ugcQ==}
    dev: true

  /csstype@2.6.21:
    resolution: {integrity: sha512-Z1PhmomIfypOpoMjRQB70jfvy/wxT50qW08YXO5lMIJkrdq4yOTR+AW7FqutScmB9NkLwxo+jU+kZLbofZZq/w==}
    dev: true

  /esbuild-android-64@0.15.18:
    resolution: {integrity: sha512-wnpt3OXRhcjfIDSZu9bnzT4/TNTDsOUvip0foZOUBG7QbSt//w3QV4FInVJxNhKc/ErhUxc5z4QjHtMi7/TbgA==}
    engines: {node: '>=12'}
    cpu: [x64]
    os: [android]
    requiresBuild: true
    dev: true
    optional: true

  /esbuild-android-arm64@0.15.18:
    resolution: {integrity: sha512-G4xu89B8FCzav9XU8EjsXacCKSG2FT7wW9J6hOc18soEHJdtWu03L3TQDGf0geNxfLTtxENKBzMSq9LlbjS8OQ==}
    engines: {node: '>=12'}
    cpu: [arm64]
    os: [android]
    requiresBuild: true
    dev: true
    optional: true

  /esbuild-darwin-64@0.15.18:
    resolution: {integrity: sha512-2WAvs95uPnVJPuYKP0Eqx+Dl/jaYseZEUUT1sjg97TJa4oBtbAKnPnl3b5M9l51/nbx7+QAEtuummJZW0sBEmg==}
    engines: {node: '>=12'}
    cpu: [x64]
    os: [darwin]
    requiresBuild: true
    dev: true
    optional: true

  /esbuild-darwin-arm64@0.15.18:
    resolution: {integrity: sha512-tKPSxcTJ5OmNb1btVikATJ8NftlyNlc8BVNtyT/UAr62JFOhwHlnoPrhYWz09akBLHI9nElFVfWSTSRsrZiDUA==}
    engines: {node: '>=12'}
    cpu: [arm64]
    os: [darwin]
    requiresBuild: true
    dev: true
    optional: true

  /esbuild-freebsd-64@0.15.18:
    resolution: {integrity: sha512-TT3uBUxkteAjR1QbsmvSsjpKjOX6UkCstr8nMr+q7zi3NuZ1oIpa8U41Y8I8dJH2fJgdC3Dj3CXO5biLQpfdZA==}
    engines: {node: '>=12'}
    cpu: [x64]
    os: [freebsd]
    requiresBuild: true
    dev: true
    optional: true

  /esbuild-freebsd-arm64@0.15.18:
    resolution: {integrity: sha512-R/oVr+X3Tkh+S0+tL41wRMbdWtpWB8hEAMsOXDumSSa6qJR89U0S/PpLXrGF7Wk/JykfpWNokERUpCeHDl47wA==}
    engines: {node: '>=12'}
    cpu: [arm64]
    os: [freebsd]
    requiresBuild: true
    dev: true
    optional: true

  /esbuild-linux-32@0.15.18:
    resolution: {integrity: sha512-lphF3HiCSYtaa9p1DtXndiQEeQDKPl9eN/XNoBf2amEghugNuqXNZA/ZovthNE2aa4EN43WroO0B85xVSjYkbg==}
    engines: {node: '>=12'}
    cpu: [ia32]
    os: [linux]
    requiresBuild: true
    dev: true
    optional: true

  /esbuild-linux-64@0.15.18:
    resolution: {integrity: sha512-hNSeP97IviD7oxLKFuii5sDPJ+QHeiFTFLoLm7NZQligur8poNOWGIgpQ7Qf8Balb69hptMZzyOBIPtY09GZYw==}
    engines: {node: '>=12'}
    cpu: [x64]
    os: [linux]
    requiresBuild: true
    dev: true
    optional: true

  /esbuild-linux-arm64@0.15.18:
    resolution: {integrity: sha512-54qr8kg/6ilcxd+0V3h9rjT4qmjc0CccMVWrjOEM/pEcUzt8X62HfBSeZfT2ECpM7104mk4yfQXkosY8Quptug==}
    engines: {node: '>=12'}
    cpu: [arm64]
    os: [linux]
    requiresBuild: true
    dev: true
    optional: true

  /esbuild-linux-arm@0.15.18:
    resolution: {integrity: sha512-UH779gstRblS4aoS2qpMl3wjg7U0j+ygu3GjIeTonCcN79ZvpPee12Qun3vcdxX+37O5LFxz39XeW2I9bybMVA==}
    engines: {node: '>=12'}
    cpu: [arm]
    os: [linux]
    requiresBuild: true
    dev: true
    optional: true

  /esbuild-linux-mips64le@0.15.18:
    resolution: {integrity: sha512-Mk6Ppwzzz3YbMl/ZZL2P0q1tnYqh/trYZ1VfNP47C31yT0K8t9s7Z077QrDA/guU60tGNp2GOwCQnp+DYv7bxQ==}
    engines: {node: '>=12'}
    cpu: [mips64el]
    os: [linux]
    requiresBuild: true
    dev: true
    optional: true

  /esbuild-linux-ppc64le@0.15.18:
    resolution: {integrity: sha512-b0XkN4pL9WUulPTa/VKHx2wLCgvIAbgwABGnKMY19WhKZPT+8BxhZdqz6EgkqCLld7X5qiCY2F/bfpUUlnFZ9w==}
    engines: {node: '>=12'}
    cpu: [ppc64]
    os: [linux]
    requiresBuild: true
    dev: true
    optional: true

  /esbuild-linux-riscv64@0.15.18:
    resolution: {integrity: sha512-ba2COaoF5wL6VLZWn04k+ACZjZ6NYniMSQStodFKH/Pu6RxzQqzsmjR1t9QC89VYJxBeyVPTaHuBMCejl3O/xg==}
    engines: {node: '>=12'}
    cpu: [riscv64]
    os: [linux]
    requiresBuild: true
    dev: true
    optional: true

  /esbuild-linux-s390x@0.15.18:
    resolution: {integrity: sha512-VbpGuXEl5FCs1wDVp93O8UIzl3ZrglgnSQ+Hu79g7hZu6te6/YHgVJxCM2SqfIila0J3k0csfnf8VD2W7u2kzQ==}
    engines: {node: '>=12'}
    cpu: [s390x]
    os: [linux]
    requiresBuild: true
    dev: true
    optional: true

  /esbuild-netbsd-64@0.15.18:
    resolution: {integrity: sha512-98ukeCdvdX7wr1vUYQzKo4kQ0N2p27H7I11maINv73fVEXt2kyh4K4m9f35U1K43Xc2QGXlzAw0K9yoU7JUjOg==}
    engines: {node: '>=12'}
    cpu: [x64]
    os: [netbsd]
    requiresBuild: true
    dev: true
    optional: true

  /esbuild-openbsd-64@0.15.18:
    resolution: {integrity: sha512-yK5NCcH31Uae076AyQAXeJzt/vxIo9+omZRKj1pauhk3ITuADzuOx5N2fdHrAKPxN+zH3w96uFKlY7yIn490xQ==}
    engines: {node: '>=12'}
    cpu: [x64]
    os: [openbsd]
    requiresBuild: true
    dev: true
    optional: true

  /esbuild-sunos-64@0.15.18:
    resolution: {integrity: sha512-On22LLFlBeLNj/YF3FT+cXcyKPEI263nflYlAhz5crxtp3yRG1Ugfr7ITyxmCmjm4vbN/dGrb/B7w7U8yJR9yw==}
    engines: {node: '>=12'}
    cpu: [x64]
    os: [sunos]
    requiresBuild: true
    dev: true
    optional: true

  /esbuild-windows-32@0.15.18:
    resolution: {integrity: sha512-o+eyLu2MjVny/nt+E0uPnBxYuJHBvho8vWsC2lV61A7wwTWC3jkN2w36jtA+yv1UgYkHRihPuQsL23hsCYGcOQ==}
    engines: {node: '>=12'}
    cpu: [ia32]
    os: [win32]
    requiresBuild: true
    dev: true
    optional: true

  /esbuild-windows-64@0.15.18:
    resolution: {integrity: sha512-qinug1iTTaIIrCorAUjR0fcBk24fjzEedFYhhispP8Oc7SFvs+XeW3YpAKiKp8dRpizl4YYAhxMjlftAMJiaUw==}
    engines: {node: '>=12'}
    cpu: [x64]
    os: [win32]
    requiresBuild: true
    dev: true
    optional: true

  /esbuild-windows-arm64@0.15.18:
    resolution: {integrity: sha512-q9bsYzegpZcLziq0zgUi5KqGVtfhjxGbnksaBFYmWLxeV/S1fK4OLdq2DFYnXcLMjlZw2L0jLsk1eGoB522WXQ==}
    engines: {node: '>=12'}
    cpu: [arm64]
    os: [win32]
    requiresBuild: true
    dev: true
    optional: true

  /esbuild@0.15.18:
    resolution: {integrity: sha512-x/R72SmW3sSFRm5zrrIjAhCeQSAWoni3CmHEqfQrZIQTM3lVCdehdwuIqaOtfC2slvpdlLa62GYoN8SxT23m6Q==}
    engines: {node: '>=12'}
    hasBin: true
    requiresBuild: true
    optionalDependencies:
      '@esbuild/android-arm': 0.15.18
      '@esbuild/linux-loong64': 0.15.18
      esbuild-android-64: 0.15.18
      esbuild-android-arm64: 0.15.18
      esbuild-darwin-64: 0.15.18
      esbuild-darwin-arm64: 0.15.18
      esbuild-freebsd-64: 0.15.18
      esbuild-freebsd-arm64: 0.15.18
      esbuild-linux-32: 0.15.18
      esbuild-linux-64: 0.15.18
      esbuild-linux-arm: 0.15.18
      esbuild-linux-arm64: 0.15.18
      esbuild-linux-mips64le: 0.15.18
      esbuild-linux-ppc64le: 0.15.18
      esbuild-linux-riscv64: 0.15.18
      esbuild-linux-s390x: 0.15.18
      esbuild-netbsd-64: 0.15.18
      esbuild-openbsd-64: 0.15.18
      esbuild-sunos-64: 0.15.18
      esbuild-windows-32: 0.15.18
      esbuild-windows-64: 0.15.18
      esbuild-windows-arm64: 0.15.18
    dev: true

  /estree-walker@2.0.2:
    resolution: {integrity: sha512-Rfkk/Mp/DL7JVje3u18FxFujQlTNR2q6QfMSMB7AvCBx91NGj/ba3kCfza0f6dVDbw7YlRf/nDrn7pQrCCyQ/w==}
    dev: true

  /fsevents@2.3.3:
    resolution: {integrity: sha512-5xoDfX+fL7faATnagmWPpbFtwh/R77WmMMqqHGS65C3vvB0YHrgF+B1YmZ3441tMj5n63k0212XNoJwzlhffQw==}
    engines: {node: ^8.16.0 || ^10.6.0 || >=11.0.0}
    os: [darwin]
    requiresBuild: true
    dev: true
    optional: true

  /function-bind@1.1.2:
    resolution: {integrity: sha512-7XHNxH7qX9xG5mIwxkhumTox/MIRNcOgDrxWsMt2pAr23WHp6MrRlN7FBSFpCpr+oVO0F744iUgR82nJMfG2SA==}
    dev: true

  /hasown@2.0.2:
    resolution: {integrity: sha512-0hJU9SCPvmMzIBdZFqNPXWa6dqh7WdH0cII9y+CyS8rG3nL48Bclra9HmKhVVUHyPWNH5Y7xDwAB7bfgSjkUMQ==}
    engines: {node: '>= 0.4'}
    dependencies:
      function-bind: 1.1.2
    dev: true

  /is-core-module@2.13.1:
    resolution: {integrity: sha512-hHrIjvZsftOsvKSn2TRYl63zvxsgE0K+0mYMoH6gD4omR5IWB2KynivBQczo3+wF1cCkjzvptnI9Q0sPU66ilw==}
    dependencies:
      hasown: 2.0.2
    dev: true

  /jsonc-parser@3.2.1:
    resolution: {integrity: sha512-AilxAyFOAcK5wA1+LeaySVBrHsGQvUFCDWXKpZjzaL0PqW+xfBOttn8GNtWKFWqneyMZj41MWF9Kl6iPWLwgOA==}
    dev: true

  /magic-string@0.25.9:
    resolution: {integrity: sha512-RmF0AsMzgt25qzqqLc1+MbHmhdx0ojF2Fvs4XnOqz2ZOBXzzkEwc/dJQZCYHAn7v1jbVOjAZfK8msRn4BxO4VQ==}
    dependencies:
      sourcemap-codec: 1.4.8
    dev: true

  /nanoid@3.3.7:
    resolution: {integrity: sha512-eSRppjcPIatRIMC1U6UngP8XFcz8MQWGQdt1MTBQ7NaAmvXDfvNxbvWV3x2y6CdEUciCSsDHDQZbhYaB8QEo2g==}
    engines: {node: ^10 || ^12 || ^13.7 || ^14 || >=15.0.1}
    hasBin: true
    dev: true

  /path-parse@1.0.7:
    resolution: {integrity: sha512-LDJzPVEEEPR+y48z93A0Ed0yXb8pAByGWo/k5YYdYgpY2/2EsOsksJrq7lOHxryrVOn1ejG6oAp8ahvOIQD8sw==}
    dev: true

  /picocolors@1.0.0:
    resolution: {integrity: sha512-1fygroTLlHu66zi26VoTDv8yRgm0Fccecssto+MhsZ0D/DGW2sm8E8AjW7NU5VVTRt5GxbeZ5qBuJr+HyLYkjQ==}
    dev: true

  /postcss@8.4.38:
    resolution: {integrity: sha512-Wglpdk03BSfXkHoQa3b/oulrotAkwrlLDRSOb9D0bN86FdRyE9lppSp33aHNPgBa0JKCoB+drFLZkQoRRYae5A==}
    engines: {node: ^10 || ^12 || >=14}
    dependencies:
      nanoid: 3.3.7
      picocolors: 1.0.0
      source-map-js: 1.2.0
    dev: true

  /preact@10.20.1:
    resolution: {integrity: sha512-JIFjgFg9B2qnOoGiYMVBtrcFxHqn+dNXbq76bVmcaHYJFYR4lW67AOcXgAYQQTDYXDOg/kTZrKPNCdRgJ2UJmw==}
    dev: true

  /resolve@1.22.8:
    resolution: {integrity: sha512-oKWePCxqpd6FlLvGV1VU0x7bkPmmCNolxzjMf4NczoDnQcIWrAF+cPtZn5i6n+RfD2d9i0tzpKnG6Yk168yIyw==}
    hasBin: true
    dependencies:
      is-core-module: 2.13.1
      path-parse: 1.0.7
      supports-preserve-symlinks-flag: 1.0.0
    dev: true

  /rollup@2.79.1:
    resolution: {integrity: sha512-uKxbd0IhMZOhjAiD5oAFp7BqvkA4Dv47qpOCtaNvng4HBwdbWtdOh8f5nZNuk2rp51PMGk3bzfWu5oayNEuYnw==}
    engines: {node: '>=10.0.0'}
    hasBin: true
    optionalDependencies:
      fsevents: 2.3.3
    dev: true

  /search-insights@2.13.0:
    resolution: {integrity: sha512-Orrsjf9trHHxFRuo9/rzm0KIWmgzE8RMlZMzuhZOJ01Rnz3D0YBAe+V6473t6/H6c7irs6Lt48brULAiRWb3Vw==}
    dev: true

  /shiki@0.11.1:
    resolution: {integrity: sha512-EugY9VASFuDqOexOgXR18ZV+TbFrQHeCpEYaXamO+SZlsnT/2LxuLBX25GGtIrwaEVFXUAbUQ601SWE2rMwWHA==}
    dependencies:
      jsonc-parser: 3.2.1
      vscode-oniguruma: 1.7.0
      vscode-textmate: 6.0.0
    dev: true

  /source-map-js@1.2.0:
    resolution: {integrity: sha512-itJW8lvSA0TXEphiRoawsCksnlf8SyvmFzIhltqAHluXd88pkCd+cXJVHTDwdCr0IzwptSm035IHQktUu1QUMg==}
    engines: {node: '>=0.10.0'}
    dev: true

  /source-map@0.6.1:
    resolution: {integrity: sha512-UjgapumWlbMhkBgzT7Ykc5YXUT46F0iKu8SGXq0bcwP5dz/h0Plj6enJqjz1Zbq2l5WaqYnrVbwWOWMyF3F47g==}
    engines: {node: '>=0.10.0'}
    dev: true

  /sourcemap-codec@1.4.8:
    resolution: {integrity: sha512-9NykojV5Uih4lgo5So5dtw+f0JgJX30KCNI8gwhz2J9A15wD0Ml6tjHKwf6fTSa6fAdVBdZeNOs9eJ71qCk8vA==}
    deprecated: Please use @jridgewell/sourcemap-codec instead
    dev: true

  /supports-preserve-symlinks-flag@1.0.0:
    resolution: {integrity: sha512-ot0WnXS9fgdkgIcePe6RHNk1WA8+muPa6cSjeR3V8K27q9BB1rTE3R1p7Hv0z1ZyAc8s6Vvv8DIyWf681MAt0w==}
    engines: {node: '>= 0.4'}
    dev: true

  /to-fast-properties@2.0.0:
    resolution: {integrity: sha512-/OaKK0xYrs3DmxRYqL/yDc+FxFUVYhDlXMhRmv3z915w2HF1tnN1omB354j8VUGO/hbRzyD6Y3sA7v7GS/ceog==}
    engines: {node: '>=4'}
    dev: true

  /vite@3.2.10:
    resolution: {integrity: sha512-Dx3olBo/ODNiMVk/cA5Yft9Ws+snLOXrhLtrI3F4XLt4syz2Yg8fayZMWScPKoz12v5BUv7VEmQHnsfpY80fYw==}
    engines: {node: ^14.18.0 || >=16.0.0}
    hasBin: true
    peerDependencies:
      '@types/node': '>= 14'
      less: '*'
      sass: '*'
      stylus: '*'
      sugarss: '*'
      terser: ^5.4.0
    peerDependenciesMeta:
      '@types/node':
        optional: true
      less:
        optional: true
      sass:
        optional: true
      stylus:
        optional: true
      sugarss:
        optional: true
      terser:
        optional: true
    dependencies:
      esbuild: 0.15.18
      postcss: 8.4.38
      resolve: 1.22.8
      rollup: 2.79.1
    optionalDependencies:
      fsevents: 2.3.3
    dev: true

  /vitepress@1.0.0-alpha.28(search-insights@2.13.0):
    resolution: {integrity: sha512-pvbLssDMgLUN1terajmPlFBxHSDGO4DqwexKbjFyr7LeELerVuwGrG6F2J1hxmwOlbpLd1kHXEDqGm9JX/kTDQ==}
    hasBin: true
    dependencies:
      '@docsearch/css': 3.6.0
      '@docsearch/js': 3.6.0(search-insights@2.13.0)
      '@vitejs/plugin-vue': 3.2.0(vite@3.2.10)(vue@3.2.44)
      '@vue/devtools-api': 6.6.1
      '@vueuse/core': 9.13.0(vue@3.2.44)
      body-scroll-lock: 4.0.0-beta.0
      shiki: 0.11.1
      vite: 3.2.10
      vue: 3.2.44
    transitivePeerDependencies:
      - '@algolia/client-search'
      - '@types/node'
      - '@types/react'
      - '@vue/composition-api'
      - less
      - react
      - react-dom
      - sass
      - search-insights
      - stylus
      - sugarss
      - terser
    dev: true

  /vscode-oniguruma@1.7.0:
    resolution: {integrity: sha512-L9WMGRfrjOhgHSdOYgCt/yRMsXzLDJSL7BPrOZt73gU0iWO4mpqzqQzOz5srxqTvMBaR0XZTSrVWo4j55Rc6cA==}
    dev: true

  /vscode-textmate@6.0.0:
    resolution: {integrity: sha512-gu73tuZfJgu+mvCSy4UZwd2JXykjK9zAZsfmDeut5dx/1a7FeTk0XwJsSuqQn+cuMCGVbIBfl+s53X4T19DnzQ==}
    dev: true

  /vue-demi@0.14.7(vue@3.2.44):
    resolution: {integrity: sha512-EOG8KXDQNwkJILkx/gPcoL/7vH+hORoBaKgGe+6W7VFMvCYJfmF2dGbvgDroVnI8LU7/kTu8mbjRZGBU1z9NTA==}
    engines: {node: '>=12'}
    hasBin: true
    requiresBuild: true
    peerDependencies:
      '@vue/composition-api': ^1.0.0-rc.1
      vue: ^3.0.0-0 || ^2.6.0
    peerDependenciesMeta:
      '@vue/composition-api':
        optional: true
    dependencies:
      vue: 3.2.44
    dev: true

  /vue@3.2.44:
    resolution: {integrity: sha512-nyNtFDh+0TpRgYCUVfPD1mJ9PpIsCPXaOF4DeGNIT5vQ4X23ykflGq3Sy2P+tEt1/pQZxZnAysuRKwyhNj+Cjw==}
    dependencies:
      '@vue/compiler-dom': 3.2.44
      '@vue/compiler-sfc': 3.2.44
      '@vue/runtime-dom': 3.2.44
      '@vue/server-renderer': 3.2.44(vue@3.2.44)
      '@vue/shared': 3.2.44
    dev: true
